
Microsoft Visual Studio Solution File, Format Version 12.00
# Visual Studio Version 17
VisualStudioVersion = 17.3.32825.248
MinimumVisualStudioVersion = 10.0.40219.1
Project("{FAE04EC0-301F-11D3-BF4B-00C04F79EFBC}") = "Spolks1", "Spolks1\Spolks1.csproj", "{DA68B4AA-FC0F-4054-929A-FCC5CB819390}"
EndProject
Global
	GlobalSection(SolutionConfigurationPlatforms) = preSolution
		Debug|Any CPU = Debug|Any CPU
		Release|Any CPU = Release|Any CPU
	EndGlobalSection
	GlobalSection(ProjectConfigurationPlatforms) = postSolution
		{DA68B4AA-FC0F-4054-929A-FCC5CB819390}.Debug|Any CPU.ActiveCfg = Debug|Any CPU
		{DA68B4AA-FC0F-4054-929A-FCC5CB819390}.Debug|Any CPU.Build.0 = Debug|Any CPU
		{DA68B4AA-FC0F-4054-929A-FCC5CB819390}.Release|Any CPU.ActiveCfg = Release|Any CPU
		{DA68B4AA-FC0F-4054-929A-FCC5CB819390}.Release|Any CPU.Build.0 = Release|Any CPU
	EndGlobalSection
	GlobalSection(SolutionProperties) = preSolution
		HideSolutionNode = FALSE
	EndGlobalSection
	GlobalSection(ExtensibilityGlobals) = postSolution
		SolutionGuid = {19AFC896-4B25-4EED-855E-924EDBB58E00}
	EndGlobalSection
EndGlobal
