
Microsoft Visual Studio Solution File, Format Version 12.00
# Visual Studio Version 17
VisualStudioVersion = 17.0.32112.339
MinimumVisualStudioVersion = 10.0.40219.1
Project("{9A19103F-16F7-4668-BE54-9A1E7A4F7556}") = "Task1", "Task1.csproj", "{76C4C778-AA61-49C8-B9C5-0860D528B885}"
EndProject
Project("{FAE04EC0-301F-11D3-BF4B-00C04F79EFBC}") = "Task2", "..\Task2\Task2.csproj", "{25D35FE1-0AEA-4205-A51C-6B5DEEA96564}"
EndProject
Global
	GlobalSection(SolutionConfigurationPlatforms) = preSolution
		Debug|Any CPU = Debug|Any CPU
		Release|Any CPU = Release|Any CPU
	EndGlobalSection
	GlobalSection(ProjectConfigurationPlatforms) = postSolution
		{76C4C778-AA61-49C8-B9C5-0860D528B885}.Debug|Any CPU.ActiveCfg = Debug|Any CPU
		{76C4C778-AA61-49C8-B9C5-0860D528B885}.Debug|Any CPU.Build.0 = Debug|Any CPU
		{76C4C778-AA61-49C8-B9C5-0860D528B885}.Release|Any CPU.ActiveCfg = Release|Any CPU
		{76C4C778-AA61-49C8-B9C5-0860D528B885}.Release|Any CPU.Build.0 = Release|Any CPU
		{25D35FE1-0AEA-4205-A51C-6B5DEEA96564}.Debug|Any CPU.ActiveCfg = Debug|Any CPU
		{25D35FE1-0AEA-4205-A51C-6B5DEEA96564}.Debug|Any CPU.Build.0 = Debug|Any CPU
		{25D35FE1-0AEA-4205-A51C-6B5DEEA96564}.Release|Any CPU.ActiveCfg = Release|Any CPU
		{25D35FE1-0AEA-4205-A51C-6B5DEEA96564}.Release|Any CPU.Build.0 = Release|Any CPU
	EndGlobalSection
	GlobalSection(SolutionProperties) = preSolution
		HideSolutionNode = FALSE
	EndGlobalSection
	GlobalSection(ExtensibilityGlobals) = postSolution
		SolutionGuid = {18FB578D-1066-4770-BAD0-2444C494E71D}
	EndGlobalSection
EndGlobal
